
Microsoft Visual Studio Solution File, Format Version 12.00
# Visual Studio 15
VisualStudioVersion = 15.0.27004.2010
MinimumVisualStudioVersion = 10.0.40219.1
Project("{FAE04EC0-301F-11D3-BF4B-00C04F79EFBC}") = "CK.Owin", "CK.Owin\CK.Owin.csproj", "{218CC8A3-2501-4D29-95CF-C64CA3A8A365}"
EndProject
Project("{9A19103F-16F7-4668-BE54-9A1E7A4F7556}") = "CK.Owin.Core", "CK.Owin.Core\CK.Owin.Core.csproj", "{60C19BB3-B700-4590-B67B-75391896C909}"
EndProject
Project("{FAE04EC0-301F-11D3-BF4B-00C04F79EFBC}") = "CK.Owin.Common", "CK.Owin.Common\CK.Owin.Common.csproj", "{5FD54CB9-8849-43F6-B78B-E8DA1C1D3FDD}"
EndProject
Global
	GlobalSection(SolutionConfigurationPlatforms) = preSolution
		Debug|Any CPU = Debug|Any CPU
		Release|Any CPU = Release|Any CPU
	EndGlobalSection
	GlobalSection(ProjectConfigurationPlatforms) = postSolution
		{218CC8A3-2501-4D29-95CF-C64CA3A8A365}.Debug|Any CPU.ActiveCfg = Debug|Any CPU
		{218CC8A3-2501-4D29-95CF-C64CA3A8A365}.Debug|Any CPU.Build.0 = Debug|Any CPU
		{218CC8A3-2501-4D29-95CF-C64CA3A8A365}.Release|Any CPU.ActiveCfg = Release|Any CPU
		{218CC8A3-2501-4D29-95CF-C64CA3A8A365}.Release|Any CPU.Build.0 = Release|Any CPU
		{60C19BB3-B700-4590-B67B-75391896C909}.Debug|Any CPU.ActiveCfg = Debug|Any CPU
		{60C19BB3-B700-4590-B67B-75391896C909}.Debug|Any CPU.Build.0 = Debug|Any CPU
		{60C19BB3-B700-4590-B67B-75391896C909}.Release|Any CPU.ActiveCfg = Release|Any CPU
		{60C19BB3-B700-4590-B67B-75391896C909}.Release|Any CPU.Build.0 = Release|Any CPU
		{5FD54CB9-8849-43F6-B78B-E8DA1C1D3FDD}.Debug|Any CPU.ActiveCfg = Debug|Any CPU
		{5FD54CB9-8849-43F6-B78B-E8DA1C1D3FDD}.Debug|Any CPU.Build.0 = Debug|Any CPU
		{5FD54CB9-8849-43F6-B78B-E8DA1C1D3FDD}.Release|Any CPU.ActiveCfg = Release|Any CPU
		{5FD54CB9-8849-43F6-B78B-E8DA1C1D3FDD}.Release|Any CPU.Build.0 = Release|Any CPU
	EndGlobalSection
	GlobalSection(SolutionProperties) = preSolution
		HideSolutionNode = FALSE
	EndGlobalSection
	GlobalSection(ExtensibilityGlobals) = postSolution
		SolutionGuid = {4F8F9C6A-8844-4900-8799-27D48E790215}
	EndGlobalSection
EndGlobal
